
Microsoft Visual Studio Solution File, Format Version 12.00
# Visual Studio Version 16
VisualStudioVersion = 16.0.31424.327
MinimumVisualStudioVersion = 10.0.40219.1
Project("{FAE04EC0-301F-11D3-BF4B-00C04F79EFBC}") = "MaxQuantParamFileModExtractor", "MaxQuantParamFileModExtractor.csproj", "{FABD875F-87E8-4644-89D8-77B1AE31AC60}"
EndProject
Global
	GlobalSection(SolutionConfigurationPlatforms) = preSolution
		Debug|Any CPU = Debug|Any CPU
		Release|Any CPU = Release|Any CPU
	EndGlobalSection
	GlobalSection(ProjectConfigurationPlatforms) = postSolution
		{FABD875F-87E8-4644-89D8-77B1AE31AC60}.Debug|Any CPU.ActiveCfg = Debug|Any CPU
		{FABD875F-87E8-4644-89D8-77B1AE31AC60}.Debug|Any CPU.Build.0 = Debug|Any CPU
		{FABD875F-87E8-4644-89D8-77B1AE31AC60}.Release|Any CPU.ActiveCfg = Release|Any CPU
		{FABD875F-87E8-4644-89D8-77B1AE31AC60}.Release|Any CPU.Build.0 = Release|Any CPU
	EndGlobalSection
	GlobalSection(SolutionProperties) = preSolution
		HideSolutionNode = FALSE
	EndGlobalSection
	GlobalSection(ExtensibilityGlobals) = postSolution
		SolutionGuid = {6BB9CAF8-A38D-47B5-BE9B-9AC52B2F2040}
	EndGlobalSection
EndGlobal
